
Microsoft Visual Studio Solution File, Format Version 12.00
# Visual Studio Version 17
VisualStudioVersion = 17.8.34511.84
MinimumVisualStudioVersion = 10.0.40219.1
Project("{F184B08F-C81C-45F6-A57F-5ABD9991F28F}") = "CalculatorApp", "CalculatorApp\CalculatorApp.vbproj", "{6FFDB4F4-A832-454D-ADBB-55D5588DAAB5}"
EndProject
Global
	GlobalSection(SolutionConfigurationPlatforms) = preSolution
		Debug|Any CPU = Debug|Any CPU
		Release|Any CPU = Release|Any CPU
	EndGlobalSection
	GlobalSection(ProjectConfigurationPlatforms) = postSolution
		{6FFDB4F4-A832-454D-ADBB-55D5588DAAB5}.Debug|Any CPU.ActiveCfg = Debug|Any CPU
		{6FFDB4F4-A832-454D-ADBB-55D5588DAAB5}.Debug|Any CPU.Build.0 = Debug|Any CPU
		{6FFDB4F4-A832-454D-ADBB-55D5588DAAB5}.Release|Any CPU.ActiveCfg = Release|Any CPU
		{6FFDB4F4-A832-454D-ADBB-55D5588DAAB5}.Release|Any CPU.Build.0 = Release|Any CPU
	EndGlobalSection
	GlobalSection(SolutionProperties) = preSolution
		HideSolutionNode = FALSE
	EndGlobalSection
	GlobalSection(ExtensibilityGlobals) = postSolution
		SolutionGuid = {A92B7238-D50C-47CC-B726-08D425EC2B8B}
	EndGlobalSection
EndGlobal
